
Microsoft Visual Studio Solution File, Format Version 12.00
# Visual Studio Version 17
VisualStudioVersion = 17.14.36408.4 d17.14
MinimumVisualStudioVersion = 10.0.40219.1
Project("{FAE04EC0-301F-11D3-BF4B-00C04F79EFBC}") = "MauiAppMinhasCompras", "MauiAppMinhasCompras\MauiAppMinhasCompras.csproj", "{0745C8BE-C984-4F9C-8F34-396B5C394DE2}"
EndProject
Global
	GlobalSection(SolutionConfigurationPlatforms) = preSolution
		Debug|Any CPU = Debug|Any CPU
		Release|Any CPU = Release|Any CPU
	EndGlobalSection
	GlobalSection(ProjectConfigurationPlatforms) = postSolution
		{0745C8BE-C984-4F9C-8F34-396B5C394DE2}.Debug|Any CPU.ActiveCfg = Debug|Any CPU
		{0745C8BE-C984-4F9C-8F34-396B5C394DE2}.Debug|Any CPU.Build.0 = Debug|Any CPU
		{0745C8BE-C984-4F9C-8F34-396B5C394DE2}.Release|Any CPU.ActiveCfg = Release|Any CPU
		{0745C8BE-C984-4F9C-8F34-396B5C394DE2}.Release|Any CPU.Build.0 = Release|Any CPU
	EndGlobalSection
	GlobalSection(SolutionProperties) = preSolution
		HideSolutionNode = FALSE
	EndGlobalSection
	GlobalSection(ExtensibilityGlobals) = postSolution
		SolutionGuid = {969D996A-F300-4D84-9279-6702E6421F29}
	EndGlobalSection
EndGlobal
